
Microsoft Visual Studio Solution File, Format Version 12.00
# Visual Studio Version 17
VisualStudioVersion = 17.0.31903.59
MinimumVisualStudioVersion = 10.0.40219.1
Project("{2150E333-8FDC-42A3-9474-1A3956D46DE8}") = "src", "src", "{827E0CD3-B72D-47B6-A68D-7590B98EB39B}"
EndProject
Project("{FAE04EC0-301F-11D3-BF4B-00C04F79EFBC}") = "OECore.Api", "src\OECore.Api\OECore.Api.csproj", "{1CB211FD-5FB5-4D1B-8F64-2D0A6ED71C43}"
EndProject
Project("{FAE04EC0-301F-11D3-BF4B-00C04F79EFBC}") = "OECore.Domain", "src\OECore.Domain\OECore.Domain.csproj", "{4D20D553-9714-45A8-BAB0-D164F4FB2A1A}"
EndProject
Project("{FAE04EC0-301F-11D3-BF4B-00C04F79EFBC}") = "OECore.Application", "src\OECore.Application\OECore.Application.csproj", "{1225CE8A-3893-49B8-8105-C9131B7F7942}"
EndProject
Project("{FAE04EC0-301F-11D3-BF4B-00C04F79EFBC}") = "OECore.Infrastructure", "src\OECore.Infrastructure\OECore.Infrastructure.csproj", "{9F7A90CA-5394-48B2-842E-D204953C3755}"
EndProject
Global
	GlobalSection(SolutionConfigurationPlatforms) = preSolution
		Debug|Any CPU = Debug|Any CPU
		Debug|x64 = Debug|x64
		Debug|x86 = Debug|x86
		Release|Any CPU = Release|Any CPU
		Release|x64 = Release|x64
		Release|x86 = Release|x86
	EndGlobalSection
	GlobalSection(ProjectConfigurationPlatforms) = postSolution
		{1CB211FD-5FB5-4D1B-8F64-2D0A6ED71C43}.Debug|Any CPU.ActiveCfg = Debug|Any CPU
		{1CB211FD-5FB5-4D1B-8F64-2D0A6ED71C43}.Debug|Any CPU.Build.0 = Debug|Any CPU
		{1CB211FD-5FB5-4D1B-8F64-2D0A6ED71C43}.Debug|x64.ActiveCfg = Debug|Any CPU
		{1CB211FD-5FB5-4D1B-8F64-2D0A6ED71C43}.Debug|x64.Build.0 = Debug|Any CPU
		{1CB211FD-5FB5-4D1B-8F64-2D0A6ED71C43}.Debug|x86.ActiveCfg = Debug|Any CPU
		{1CB211FD-5FB5-4D1B-8F64-2D0A6ED71C43}.Debug|x86.Build.0 = Debug|Any CPU
		{1CB211FD-5FB5-4D1B-8F64-2D0A6ED71C43}.Release|Any CPU.ActiveCfg = Release|Any CPU
		{1CB211FD-5FB5-4D1B-8F64-2D0A6ED71C43}.Release|Any CPU.Build.0 = Release|Any CPU
		{1CB211FD-5FB5-4D1B-8F64-2D0A6ED71C43}.Release|x64.ActiveCfg = Release|Any CPU
		{1CB211FD-5FB5-4D1B-8F64-2D0A6ED71C43}.Release|x64.Build.0 = Release|Any CPU
		{1CB211FD-5FB5-4D1B-8F64-2D0A6ED71C43}.Release|x86.ActiveCfg = Release|Any CPU
		{1CB211FD-5FB5-4D1B-8F64-2D0A6ED71C43}.Release|x86.Build.0 = Release|Any CPU
		{4D20D553-9714-45A8-BAB0-D164F4FB2A1A}.Debug|Any CPU.ActiveCfg = Debug|Any CPU
		{4D20D553-9714-45A8-BAB0-D164F4FB2A1A}.Debug|Any CPU.Build.0 = Debug|Any CPU
		{4D20D553-9714-45A8-BAB0-D164F4FB2A1A}.Debug|x64.ActiveCfg = Debug|Any CPU
		{4D20D553-9714-45A8-BAB0-D164F4FB2A1A}.Debug|x64.Build.0 = Debug|Any CPU
		{4D20D553-9714-45A8-BAB0-D164F4FB2A1A}.Debug|x86.ActiveCfg = Debug|Any CPU
		{4D20D553-9714-45A8-BAB0-D164F4FB2A1A}.Debug|x86.Build.0 = Debug|Any CPU
		{4D20D553-9714-45A8-BAB0-D164F4FB2A1A}.Release|Any CPU.ActiveCfg = Release|Any CPU
		{4D20D553-9714-45A8-BAB0-D164F4FB2A1A}.Release|Any CPU.Build.0 = Release|Any CPU
		{4D20D553-9714-45A8-BAB0-D164F4FB2A1A}.Release|x64.ActiveCfg = Release|Any CPU
		{4D20D553-9714-45A8-BAB0-D164F4FB2A1A}.Release|x64.Build.0 = Release|Any CPU
		{4D20D553-9714-45A8-BAB0-D164F4FB2A1A}.Release|x86.ActiveCfg = Release|Any CPU
		{4D20D553-9714-45A8-BAB0-D164F4FB2A1A}.Release|x86.Build.0 = Release|Any CPU
		{1225CE8A-3893-49B8-8105-C9131B7F7942}.Debug|Any CPU.ActiveCfg = Debug|Any CPU
		{1225CE8A-3893-49B8-8105-C9131B7F7942}.Debug|Any CPU.Build.0 = Debug|Any CPU
		{1225CE8A-3893-49B8-8105-C9131B7F7942}.Debug|x64.ActiveCfg = Debug|Any CPU
		{1225CE8A-3893-49B8-8105-C9131B7F7942}.Debug|x64.Build.0 = Debug|Any CPU
		{1225CE8A-3893-49B8-8105-C9131B7F7942}.Debug|x86.ActiveCfg = Debug|Any CPU
		{1225CE8A-3893-49B8-8105-C9131B7F7942}.Debug|x86.Build.0 = Debug|Any CPU
		{1225CE8A-3893-49B8-8105-C9131B7F7942}.Release|Any CPU.ActiveCfg = Release|Any CPU
		{1225CE8A-3893-49B8-8105-C9131B7F7942}.Release|Any CPU.Build.0 = Release|Any CPU
		{1225CE8A-3893-49B8-8105-C9131B7F7942}.Release|x64.ActiveCfg = Release|Any CPU
		{1225CE8A-3893-49B8-8105-C9131B7F7942}.Release|x64.Build.0 = Release|Any CPU
		{1225CE8A-3893-49B8-8105-C9131B7F7942}.Release|x86.ActiveCfg = Release|Any CPU
		{1225CE8A-3893-49B8-8105-C9131B7F7942}.Release|x86.Build.0 = Release|Any CPU
		{9F7A90CA-5394-48B2-842E-D204953C3755}.Debug|Any CPU.ActiveCfg = Debug|Any CPU
		{9F7A90CA-5394-48B2-842E-D204953C3755}.Debug|Any CPU.Build.0 = Debug|Any CPU
		{9F7A90CA-5394-48B2-842E-D204953C3755}.Debug|x64.ActiveCfg = Debug|Any CPU
		{9F7A90CA-5394-48B2-842E-D204953C3755}.Debug|x64.Build.0 = Debug|Any CPU
		{9F7A90CA-5394-48B2-842E-D204953C3755}.Debug|x86.ActiveCfg = Debug|Any CPU
		{9F7A90CA-5394-48B2-842E-D204953C3755}.Debug|x86.Build.0 = Debug|Any CPU
		{9F7A90CA-5394-48B2-842E-D204953C3755}.Release|Any CPU.ActiveCfg = Release|Any CPU
		{9F7A90CA-5394-48B2-842E-D204953C3755}.Release|Any CPU.Build.0 = Release|Any CPU
		{9F7A90CA-5394-48B2-842E-D204953C3755}.Release|x64.ActiveCfg = Release|Any CPU
		{9F7A90CA-5394-48B2-842E-D204953C3755}.Release|x64.Build.0 = Release|Any CPU
		{9F7A90CA-5394-48B2-842E-D204953C3755}.Release|x86.ActiveCfg = Release|Any CPU
		{9F7A90CA-5394-48B2-842E-D204953C3755}.Release|x86.Build.0 = Release|Any CPU
	EndGlobalSection
	GlobalSection(SolutionProperties) = preSolution
		HideSolutionNode = FALSE
	EndGlobalSection
	GlobalSection(NestedProjects) = preSolution
		{1CB211FD-5FB5-4D1B-8F64-2D0A6ED71C43} = {827E0CD3-B72D-47B6-A68D-7590B98EB39B}
		{4D20D553-9714-45A8-BAB0-D164F4FB2A1A} = {827E0CD3-B72D-47B6-A68D-7590B98EB39B}
		{1225CE8A-3893-49B8-8105-C9131B7F7942} = {827E0CD3-B72D-47B6-A68D-7590B98EB39B}
		{9F7A90CA-5394-48B2-842E-D204953C3755} = {827E0CD3-B72D-47B6-A68D-7590B98EB39B}
	EndGlobalSection
EndGlobal
